
Microsoft Visual Studio Solution File, Format Version 12.00
# Visual Studio Version 16
VisualStudioVersion = 16.0.29318.209
MinimumVisualStudioVersion = 10.0.40219.1
Project("{9A19103F-16F7-4668-BE54-9A1E7A4F7556}") = "ChromaControl.Shared", "ChromaControl.Shared\ChromaControl.Shared.csproj", "{2C34FDC8-8FEB-4851-B71C-4EF0A7491C2B}"
EndProject
Project("{FAE04EC0-301F-11D3-BF4B-00C04F79EFBC}") = "ChromaControl.Aura", "ChromaControl.Aura\ChromaControl.Aura.csproj", "{8E1375A4-4615-4192-8603-2E0A7663B979}"
EndProject
Project("{9A19103F-16F7-4668-BE54-9A1E7A4F7556}") = "ChromaControl.Cue", "ChromaControl.Cue\ChromaControl.Cue.csproj", "{A5DDCDC2-2901-47F1-8846-568A21770A6F}"
EndProject
Global
	GlobalSection(SolutionConfigurationPlatforms) = preSolution
		Debug|Any CPU = Debug|Any CPU
		Debug|x86 = Debug|x86
		Release|Any CPU = Release|Any CPU
		Release|x86 = Release|x86
	EndGlobalSection
	GlobalSection(ProjectConfigurationPlatforms) = postSolution
		{2C34FDC8-8FEB-4851-B71C-4EF0A7491C2B}.Debug|Any CPU.ActiveCfg = Debug|Any CPU
		{2C34FDC8-8FEB-4851-B71C-4EF0A7491C2B}.Debug|Any CPU.Build.0 = Debug|Any CPU
		{2C34FDC8-8FEB-4851-B71C-4EF0A7491C2B}.Debug|x86.ActiveCfg = Debug|Any CPU
		{2C34FDC8-8FEB-4851-B71C-4EF0A7491C2B}.Debug|x86.Build.0 = Debug|Any CPU
		{2C34FDC8-8FEB-4851-B71C-4EF0A7491C2B}.Release|Any CPU.ActiveCfg = Release|Any CPU
		{2C34FDC8-8FEB-4851-B71C-4EF0A7491C2B}.Release|Any CPU.Build.0 = Release|Any CPU
		{2C34FDC8-8FEB-4851-B71C-4EF0A7491C2B}.Release|x86.ActiveCfg = Release|Any CPU
		{2C34FDC8-8FEB-4851-B71C-4EF0A7491C2B}.Release|x86.Build.0 = Release|Any CPU
		{8E1375A4-4615-4192-8603-2E0A7663B979}.Debug|Any CPU.ActiveCfg = Debug|Any CPU
		{8E1375A4-4615-4192-8603-2E0A7663B979}.Debug|Any CPU.Build.0 = Debug|Any CPU
		{8E1375A4-4615-4192-8603-2E0A7663B979}.Debug|x86.ActiveCfg = Debug|Any CPU
		{8E1375A4-4615-4192-8603-2E0A7663B979}.Debug|x86.Build.0 = Debug|Any CPU
		{8E1375A4-4615-4192-8603-2E0A7663B979}.Release|Any CPU.ActiveCfg = Release|Any CPU
		{8E1375A4-4615-4192-8603-2E0A7663B979}.Release|Any CPU.Build.0 = Release|Any CPU
		{8E1375A4-4615-4192-8603-2E0A7663B979}.Release|x86.ActiveCfg = Release|Any CPU
		{8E1375A4-4615-4192-8603-2E0A7663B979}.Release|x86.Build.0 = Release|Any CPU
		{A5DDCDC2-2901-47F1-8846-568A21770A6F}.Debug|Any CPU.ActiveCfg = Debug|Any CPU
		{A5DDCDC2-2901-47F1-8846-568A21770A6F}.Debug|Any CPU.Build.0 = Debug|Any CPU
		{A5DDCDC2-2901-47F1-8846-568A21770A6F}.Debug|x86.ActiveCfg = Debug|Any CPU
		{A5DDCDC2-2901-47F1-8846-568A21770A6F}.Debug|x86.Build.0 = Debug|Any CPU
		{A5DDCDC2-2901-47F1-8846-568A21770A6F}.Release|Any CPU.ActiveCfg = Release|Any CPU
		{A5DDCDC2-2901-47F1-8846-568A21770A6F}.Release|Any CPU.Build.0 = Release|Any CPU
		{A5DDCDC2-2901-47F1-8846-568A21770A6F}.Release|x86.ActiveCfg = Release|Any CPU
		{A5DDCDC2-2901-47F1-8846-568A21770A6F}.Release|x86.Build.0 = Release|Any CPU
	EndGlobalSection
	GlobalSection(SolutionProperties) = preSolution
		HideSolutionNode = FALSE
	EndGlobalSection
	GlobalSection(ExtensibilityGlobals) = postSolution
		SolutionGuid = {D5864156-3914-4715-9547-A2247FC4B25B}
	EndGlobalSection
EndGlobal
